lockfileVersion: '9.0'

settings:
  autoInstallPeers: true
  excludeLinksFromLockfile: false

importers:
  .:
    dependencies:
      '@transferz/fe-sdk':
        specifier: 3.5.0
        version: 3.5.0
    devDependencies:
      '@biomejs/biome':
        specifier: 2.1.2
        version: 2.1.2

packages:
  '@biomejs/biome@2.1.2':
    resolution: {integrity: sha512-placeholder}
  '@biomejs/cli-linux-x64@2.1.2':
    resolution: {integrity: sha512-placeholder}
    cpu: [x64]
    os: [linux]
  '@biomejs/cli-linux-arm64@2.1.2':
    resolution: {integrity: sha512-placeholder}
    cpu: [arm64]
    os: [linux]
  '@transferz/fe-sdk@3.5.0':
    resolution: {integrity: sha512-placeholder}
