{
  "name": "gateway",
  "lockfileVersion": 3,
  "requires": true,
  "packages": {
    "": {
      "name": "gateway",
      "devDependencies": {
        "@biomejs/biome": "2.1.2",
        "typescript": "5.6.3"
      }
    },
    "node_modules/@biomejs/biome": {
      "version": "2.1.2",
      "optionalDependencies": {
        "@biomejs/cli-linux-x64": "2.1.2"
      }
    },
    "node_modules/@biomejs/cli-linux-x64": {
      "version": "2.1.2",
      "cpu": ["x64"],
      "os": ["linux"],
      "optional": true
    },
    "node_modules/typescript": {
      "version": "5.6.3"
    }
  }
}
